lockfileVersion: '9.0'

settings:
  autoInstallPeers: true
  excludeLinksFromLockfile: false

importers:

  .:
    dependencies:
      react:
        specifier: ^19.0.0
        version: 19.0.0
    devDependencies:
      '@types/react':
        specifier: ^19.0.2
        version: 19.0.2
      typescript:
        specifier: ^5.7.2
        version: 5.7.2
    optionalDependencies:
      final-form:
        specifier: ^4.20.10
        version: 4.20.10

packages:

  '@babel/runtime@7.20.13':
    resolution: {integrity: sha512-gt3PKXs0DBoL9xCvOIIZ2NEqAGZqHjAnmVbfQtB620V0uReIQutpel14KcneZuer7UioY8ALKZ7iocavvzTNFA==}
    engines: {node: '>=6.9.0'}

  '@types/react@19.0.2':
    resolution: {integrity: sha512-USU8ZI/xyKJwFTpjSVIrSeHBVAGagkHQKPNbxeWwql/vDmnTIBgx+TJnhFnj1NXgz8XfprU0egV2dROLGpsBEg==}

  csstype@3.1.1:
    resolution: {integrity: sha512-DJR/VvkAvSZW9bTouZue2sSxDwdTN92uHjqeKVm+0dAqdfNykRzQ95tay8aXMBAAPpUiq4Qcug2L7neoRh2Egw==}

  final-form@4.20.10:
    resolution: {integrity: sha512-TL48Pi1oNHeMOHrKv1bCJUrWZDcD3DIG6AGYVNOnyZPr7Bd/pStN0pL+lfzF5BNoj/FclaoiaLenk4XUIFVYng==}
    engines: {node: '>=8'}

  react@19.0.0:
    resolution: {integrity: sha512-V8AVnmPIICiWpGfm6GLzCR/W5FXLchHop40W4nXBmdlEceh16rCN8O8LNWm5bh5XUX91fh7KpA+W0TgMKmgTpQ==}
    engines: {node: '>=0.10.0'}

  regenerator-runtime@0.13.11:
    resolution: {integrity: sha512-kY1AZVr2Ra+t+piVaJ4gxaFaReZVH40AKNo7UCX6W+dEwBo/2oZJzqfuN1qLq1oL45o56cPaTXELwrTh8Fpggg==}

  typescript@5.7.2:
    resolution: {integrity: sha512-i5t66RHxDvVN40HfDd1PsEThGNnlMCMT3jMUuoh9/0TaqWevNontacunWyN02LA9/fIbEWlcHZcgTKb9QoaLfg==}
    engines: {node: '>=14.17'}
    hasBin: true

snapshots:

  '@babel/runtime@7.20.13':
    dependencies:
      regenerator-runtime: 0.13.11
    optional: true

  '@types/react@19.0.2':
    dependencies:
      csstype: 3.1.1

  csstype@3.1.1: {}

  final-form@4.20.10:
    dependencies:
      '@babel/runtime': 7.20.13
    optional: true

  react@19.0.0: {}

  regenerator-runtime@0.13.11:
    optional: true

  typescript@5.7.2: {}
