lockfileVersion: '9.0'

settings:
  autoInstallPeers: true
  excludeLinksFromLockfile: false

importers:

  .:
    dependencies:
      react:
        specifier: ^19.0.0
        version: 19.0.0
    devDependencies:
      '@types/react':
        specifier: ^19.1.8
        version: 19.1.8
      typescript:
        specifier: ^5.8.3
        version: 5.8.3
    optionalDependencies:
      final-form:
        specifier: ^5.0.0
        version: 5.0.0

packages:

  '@babel/runtime@7.20.13':
    resolution: {integrity: sha512-gt3PKXs0DBoL9xCvOIIZ2NEqAGZqHjAnmVbfQtB620V0uReIQutpel14KcneZuer7UioY8ALKZ7iocavvzTNFA==}
    engines: {node: '>=6.9.0'}

  '@types/react@19.1.8':
    resolution: {integrity: sha512-AwAfQ2Wa5bCx9WP8nZL2uMZWod7J7/JSplxbTmBQ5ms6QpqNYm672H0Vu9ZVKVngQ+ii4R/byguVEUZQyeg44g==}

  csstype@3.1.1:
    resolution: {integrity: sha512-DJR/VvkAvSZW9bTouZue2sSxDwdTN92uHjqeKVm+0dAqdfNykRzQ95tay8aXMBAAPpUiq4Qcug2L7neoRh2Egw==}

  final-form@5.0.0:
    resolution: {integrity: sha512-HByosvP7x3N4bWTCPoBeUeoMatadewRifxaH3qhCQI2DBwFNO0m5wxETLVUXNGWz2yokdSCMdJEvtjfZoXnqDA==}
    engines: {node: '>=8'}

  react@19.0.0:
    resolution: {integrity: sha512-V8AVnmPIICiWpGfm6GLzCR/W5FXLchHop40W4nXBmdlEceh16rCN8O8LNWm5bh5XUX91fh7KpA+W0TgMKmgTpQ==}
    engines: {node: '>=0.10.0'}

  regenerator-runtime@0.13.11:
    resolution: {integrity: sha512-kY1AZVr2Ra+t+piVaJ4gxaFaReZVH40AKNo7UCX6W+dEwBo/2oZJzqfuN1qLq1oL45o56cPaTXELwrTh8Fpggg==}

  typescript@5.8.3:
    resolution: {integrity: sha512-p1diW6TqL9L07nNxvRMM7hMMw4c5XOo/1ibL4aAIGmSAt9slTE1Xgw5KWuof2uTOvCg9BY7ZRi+GaF+7sfgPeQ==}
    engines: {node: '>=14.17'}
    hasBin: true

snapshots:

  '@babel/runtime@7.20.13':
    dependencies:
      regenerator-runtime: 0.13.11
    optional: true

  '@types/react@19.1.8':
    dependencies:
      csstype: 3.1.1

  csstype@3.1.1: {}

  final-form@5.0.0:
    dependencies:
      '@babel/runtime': 7.20.13
    optional: true

  react@19.0.0: {}

  regenerator-runtime@0.13.11:
    optional: true

  typescript@5.8.3: {}
